
Microsoft Visual Studio Solution File, Format Version 12.00
# Visual Studio Version 16
VisualStudioVersion = 16.0.31229.75
MinimumVisualStudioVersion = 10.0.40219.1
Project("{FAE04EC0-301F-11D3-BF4B-00C04F79EFBC}") = "TokenTool", "TokenTool.csproj", "{171B9967-A70E-4160-A68F-BDB2A2270362}"
EndProject
Global
	GlobalSection(SolutionConfigurationPlatforms) = preSolution
		Debug|Any CPU = Debug|Any CPU
		Release|Any CPU = Release|Any CPU
	EndGlobalSection
	GlobalSection(ProjectConfigurationPlatforms) = postSolution
		{171B9967-A70E-4160-A68F-BDB2A2270362}.Debug|Any CPU.ActiveCfg = Debug|Any CPU
		{171B9967-A70E-4160-A68F-BDB2A2270362}.Debug|Any CPU.Build.0 = Debug|Any CPU
		{171B9967-A70E-4160-A68F-BDB2A2270362}.Release|Any CPU.ActiveCfg = Release|Any CPU
		{171B9967-A70E-4160-A68F-BDB2A2270362}.Release|Any CPU.Build.0 = Release|Any CPU
	EndGlobalSection
	GlobalSection(SolutionProperties) = preSolution
		HideSolutionNode = FALSE
	EndGlobalSection
	GlobalSection(ExtensibilityGlobals) = postSolution
		SolutionGuid = {2E70B6DB-92C3-41A6-BD6C-6D8E80D4B64E}
	EndGlobalSection
EndGlobal
